<?xml version="1.0" encoding="utf-8"?>
<Project ToolsVersion="4.0" xmlns="http://schemas.microsoft.com/developer/msbuild/2003">
  <ItemGroup>
    <ClCompile Include="src\dll.cpp" />
    <ClCompile Include="src\stdafx.cpp" />
  </ItemGroup>
  <ItemGroup>
    <ClInclude Include="src\stdafx.h" />
    <ClInclude Include="src\utils\CaptureInterface.hpp">
      <Filter>utils</Filter>
    </ClInclude>
    <ClInclude Include="src\dll.hpp" />
  </ItemGroup>
  <ItemGroup>
    <Filter Include="utils">
      <UniqueIdentifier>{7f89dd3f-2a61-40a1-9f82-8659eafbbfc7}</UniqueIdentifier>
    </Filter>
  </ItemGroup>
</Project>